// !$*UTF8*$!
{
	archiveVersion = 1;
	classes = {
	};
	objectVersion = 50;
	objects = {

/* Begin PBXBuildFile section */
		50160D38261FDF15001033A0 /* ImBoardApp.swift in Sources */ = {isa = PBXBuildFile; fileRef = 50160D37261FDF15001033A0 /* ImBoardApp.swift */; };
		50160D3A261FDF15001033A0 /* ContentView.swift in Sources */ = {isa = PBXBuildFile; fileRef = 50160D39261FDF15001033A0 /* ContentView.swift */; };
		50160D3C261FDF18001033A0 /* Assets.xcassets in Resources */ = {isa = PBXBuildFile; fileRef = 50160D3B261FDF18001033A0 /* Assets.xcassets */; };
		50160D3F261FDF18001033A0 /* Preview Assets.xcassets in Resources */ = {isa = PBXBuildFile; fileRef = 50160D3E261FDF18001033A0 /* Preview Assets.xcassets */; };
		50160D48261FDFEC001033A0 /* BoardGame.swift in Sources */ = {isa = PBXBuildFile; fileRef = 50160D47261FDFEC001033A0 /* BoardGame.swift */; };
		50160D4B261FE1AC001033A0 /* ViewModel.swift in Sources */ = {isa = PBXBuildFile; fileRef = 50160D4A261FE1AC001033A0 /* ViewModel.swift */; };
		50160D4E261FEBAB001033A0 /* BoardGameRegressor.mlmodel in Sources */ = {isa = PBXBuildFile; fileRef = 50160D4D261FEBAB001033A0 /* BoardGameRegressor.mlmodel */; };
		50160D51261FF14A001033A0 /* BoardGameRegressor2.mlmodel in Sources */ = {isa = PBXBuildFile; fileRef = 50160D50261FF14A001033A0 /* BoardGameRegressor2.mlmodel */; };
/* End PBXBuildFile section */

/* Begin PBXFileReference section */
		50160D34261FDF15001033A0 /* ImBoard.app */ = {isa = PBXFileReference; explicitFileType = wrapper.application; includeInIndex = 0; path = ImBoard.app; sourceTree = BUILT_PRODUCTS_DIR; };
		50160D37261FDF15001033A0 /* ImBoardApp.swift */ = {isa = PBXFileReference; lastKnownFileType = sourcecode.swift; path = ImBoardApp.swift; sourceTree = "<group>"; };
		50160D39261FDF15001033A0 /* ContentView.swift */ = {isa = PBXFileReference; lastKnownFileType = sourcecode.swift; path = ContentView.swift; sourceTree = "<group>"; };
		50160D3B261FDF18001033A0 /* Assets.xcassets */ = {isa = PBXFileReference; lastKnownFileType = folder.assetcatalog; path = Assets.xcassets; sourceTree = "<group>"; };
		50160D3E261FDF18001033A0 /* Preview Assets.xcassets */ = {isa = PBXFileReference; lastKnownFileType = folder.assetcatalog; path = "Preview Assets.xcassets"; sourceTree = "<group>"; };
		50160D40261FDF18001033A0 /* Info.plist */ = {isa = PBXFileReference; lastKnownFileType = text.plist.xml; path = Info.plist; sourceTree = "<group>"; };
		50160D47261FDFEC001033A0 /* BoardGame.swift */ = {isa = PBXFileReference; lastKnownFileType = sourcecode.swift; path = BoardGame.swift; sourceTree = "<group>"; };
		50160D4A261FE1AC001033A0 /* ViewModel.swift */ = {isa = PBXFileReference; lastKnownFileType = sourcecode.swift; path = ViewModel.swift; sourceTree = "<group>"; };
		50160D4D261FEBAB001033A0 /* BoardGameRegressor.mlmodel */ = {isa = PBXFileReference; lastKnownFileType = file.mlmodel; name = BoardGameRegressor.mlmodel; path = ../../models/BoardGameRegressor.mlmodel; sourceTree = "<group>"; };
		50160D50261FF14A001033A0 /* BoardGameRegressor2.mlmodel */ = {isa = PBXFileReference; lastKnownFileType = file.mlmodel; name = BoardGameRegressor2.mlmodel; path = ../../models/BoardGameRegressor2.mlmodel; sourceTree = "<group>"; };
/* End PBXFileReference section */

/* Begin PBXFrameworksBuildPhase section */
		50160D31261FDF15001033A0 /* Frameworks */ = {
			isa = PBXFrameworksBuildPhase;
			buildActionMask = 2147483647;
			files = (
			);
			runOnlyForDeploymentPostprocessing = 0;
		};
/* End PBXFrameworksBuildPhase section */

/* Begin PBXGroup section */
		50160D2B261FDF15001033A0 = {
			isa = PBXGroup;
			children = (
				50160D36261FDF15001033A0 /* ImBoard */,
				50160D35261FDF15001033A0 /* Products */,
			);
			sourceTree = "<group>";
		};
		50160D35261FDF15001033A0 /* Products */ = {
			isa = PBXGroup;
			children = (
				50160D34261FDF15001033A0 /* ImBoard.app */,
			);
			name = Products;
			sourceTree = "<group>";
		};
		50160D36261FDF15001033A0 /* ImBoard */ = {
			isa = PBXGroup;
			children = (
				50160D37261FDF15001033A0 /* ImBoardApp.swift */,
				50160D39261FDF15001033A0 /* ContentView.swift */,
				50160D4D261FEBAB001033A0 /* BoardGameRegressor.mlmodel */,
				50160D50261FF14A001033A0 /* BoardGameRegressor2.mlmodel */,
				50160D4A261FE1AC001033A0 /* ViewModel.swift */,
				50160D47261FDFEC001033A0 /* BoardGame.swift */,
				50160D3B261FDF18001033A0 /* Assets.xcassets */,
				50160D40261FDF18001033A0 /* Info.plist */,
				50160D3D261FDF18001033A0 /* Preview Content */,
			);
			path = ImBoard;
			sourceTree = "<group>";
		};
		50160D3D261FDF18001033A0 /* Preview Content */ = {
			isa = PBXGroup;
			children = (
				50160D3E261FDF18001033A0 /* Preview Assets.xcassets */,
			);
			path = "Preview Content";
			sourceTree = "<group>";
		};
/* End PBXGroup section */

/* Begin PBXNativeTarget section */
		50160D33261FDF15001033A0 /* ImBoard */ = {
			isa = PBXNativeTarget;
			buildConfigurationList = 50160D43261FDF18001033A0 /* Build configuration list for PBXNativeTarget "ImBoard" */;
			buildPhases = (
				50160D30261FDF15001033A0 /* Sources */,
				50160D31261FDF15001033A0 /* Frameworks */,
				50160D32261FDF15001033A0 /* Resources */,
			);
			buildRules = (
			);
			dependencies = (
			);
			name = ImBoard;
			productName = ImBoard;
			productReference = 50160D34261FDF15001033A0 /* ImBoard.app */;
			productType = "com.apple.product-type.application";
		};
/* End PBXNativeTarget section */

/* Begin PBXProject section */
		50160D2C261FDF15001033A0 /* Project object */ = {
			isa = PBXProject;
			attributes = {
				LastSwiftUpdateCheck = 1240;
				LastUpgradeCheck = 1240;
				TargetAttributes = {
					50160D33261FDF15001033A0 = {
						CreatedOnToolsVersion = 12.4;
					};
				};
			};
			buildConfigurationList = 50160D2F261FDF15001033A0 /* Build configuration list for PBXProject "ImBoard" */;
			compatibilityVersion = "Xcode 9.3";
			developmentRegion = en;
			hasScannedForEncodings = 0;
			knownRegions = (
				en,
				Base,
			);
			mainGroup = 50160D2B261FDF15001033A0;
			productRefGroup = 50160D35261FDF15001033A0 /* Products */;
			projectDirPath = "";
			projectRoot = "";
			targets = (
				50160D33261FDF15001033A0 /* ImBoard */,
			);
		};
/* End PBXProject section */

/* Begin PBXResourcesBuildPhase section */
		50160D32261FDF15001033A0 /* Resources */ = {
			isa = PBXResourcesBuildPhase;
			buildActionMask = 2147483647;
			files = (
				50160D3F261FDF18001033A0 /* Preview Assets.xcassets in Resources */,
				50160D3C261FDF18001033A0 /* Assets.xcassets in Resources */,
			);
			runOnlyForDeploymentPostprocessing = 0;
		};
/* End PBXResourcesBuildPhase section */

/* Begin PBXSourcesBuildPhase section */
		50160D30261FDF15001033A0 /* Sources */ = {
			isa = PBXSourcesBuildPhase;
			buildActionMask = 2147483647;
			files = (
				50160D3A261FDF15001033A0 /* ContentView.swift in Sources */,
				50160D51261FF14A001033A0 /* BoardGameRegressor2.mlmodel in Sources */,
				50160D4E261FEBAB001033A0 /* BoardGameRegressor.mlmodel in Sources */,
				50160D48261FDFEC001033A0 /* BoardGame.swift in Sources */,
				50160D4B261FE1AC001033A0 /* ViewModel.swift in Sources */,
				50160D38261FDF15001033A0 /* ImBoardApp.swift in Sources */,
			);
			runOnlyForDeploymentPostprocessing = 0;
		};
/* End PBXSourcesBuildPhase section */

/* Begin XCBuildConfiguration section */
		50160D41261FDF18001033A0 /* Debug */ = {
			isa = XCBuildConfiguration;
			buildSettings = {
				ALWAYS_SEARCH_USER_PATHS = NO;
				CLANG_ANALYZER_NONNULL = YES;
				CLANG_ANALYZER_NUMBER_OBJECT_CONVERSION = YES_AGGRESSIVE;
				CLANG_CXX_LANGUAGE_STANDARD = "gnu++14";
				CLANG_CXX_LIBRARY = "libc++";
				CLANG_ENABLE_MODULES = YES;
				CLANG_ENABLE_OBJC_ARC = YES;
				CLANG_ENABLE_OBJC_WEAK = YES;
				CLANG_WARN_BLOCK_CAPTURE_AUTORELEASING = YES;
				CLANG_WARN_BOOL_CONVERSION = YES;
				CLANG_WARN_COMMA = YES;
				CLANG_WARN_CONSTANT_CONVERSION = YES;
				CLANG_WARN_DEPRECATED_OBJC_IMPLEMENTATIONS = YES;
				CLANG_WARN_DIRECT_OBJC_ISA_USAGE = YES_ERROR;
				CLANG_WARN_DOCUMENTATION_COMMENTS = YES;
				CLANG_WARN_EMPTY_BODY = YES;
				CLANG_WARN_ENUM_CONVERSION = YES;
				CLANG_WARN_INFINITE_RECURSION = YES;
				CLANG_WARN_INT_CONVERSION = YES;
				CLANG_WARN_NON_LITERAL_NULL_CONVERSION = YES;
				CLANG_WARN_OBJC_IMPLICIT_RETAIN_SELF = YES;
				CLANG_WARN_OBJC_LITERAL_CONVERSION = YES;
				CLANG_WARN_OBJC_ROOT_CLASS = YES_ERROR;
				CLANG_WARN_QUOTED_INCLUDE_IN_FRAMEWORK_HEADER = YES;
				CLANG_WARN_RANGE_LOOP_ANALYSIS = YES;
				CLANG_WARN_STRICT_PROTOTYPES = YES;
				CLANG_WARN_SUSPICIOUS_MOVE = YES;
				CLANG_WARN_UNGUARDED_AVAILABILITY = YES_AGGRESSIVE;
				CLANG_WARN_UNREACHABLE_CODE = YES;
				CLANG_WARN__DUPLICATE_METHOD_MATCH = YES;
				COPY_PHASE_STRIP = NO;
				DEBUG_INFORMATION_FORMAT = dwarf;
				ENABLE_STRICT_OBJC_MSGSEND = YES;
				ENABLE_TESTABILITY = YES;
				GCC_C_LANGUAGE_STANDARD = gnu11;
				GCC_DYNAMIC_NO_PIC = NO;
				GCC_NO_COMMON_BLOCKS = YES;
				GCC_OPTIMIZATION_LEVEL = 0;
				GCC_PREPROCESSOR_DEFINITIONS = (
					"DEBUG=1",
					"$(inherited)",
				);
				GCC_WARN_64_TO_32_BIT_CONVERSION = YES;
				GCC_WARN_ABOUT_RETURN_TYPE = YES_ERROR;
				GCC_WARN_UNDECLARED_SELECTOR = YES;
				GCC_WARN_UNINITIALIZED_AUTOS = YES_AGGRESSIVE;
				GCC_WARN_UNUSED_FUNCTION = YES;
				GCC_WARN_UNUSED_VARIABLE = YES;
				IPHONEOS_DEPLOYMENT_TARGET = 14.4;
				MTL_ENABLE_DEBUG_INFO = INCLUDE_SOURCE;
				MTL_FAST_MATH = YES;
				ONLY_ACTIVE_ARCH = YES;
				SDKROOT = iphoneos;
				SWIFT_ACTIVE_COMPILATION_CONDITIONS = DEBUG;
				SWIFT_OPTIMIZATION_LEVEL = "-Onone";
			};
			name = Debug;
		};
		50160D42261FDF18001033A0 /* Release */ = {
			isa = XCBuildConfiguration;
			buildSettings = {
				ALWAYS_SEARCH_USER_PATHS = NO;
				CLANG_ANALYZER_NONNULL = YES;
				CLANG_ANALYZER_NUMBER_OBJECT_CONVERSION = YES_AGGRESSIVE;
				CLANG_CXX_LANGUAGE_STANDARD = "gnu++14";
				CLANG_CXX_LIBRARY = "libc++";
				CLANG_ENABLE_MODULES = YES;
				CLANG_ENABLE_OBJC_ARC = YES;
				CLANG_ENABLE_OBJC_WEAK = YES;
				CLANG_WARN_BLOCK_CAPTURE_AUTORELEASING = YES;
				CLANG_WARN_BOOL_CONVERSION = YES;
				CLANG_WARN_COMMA = YES;
				CLANG_WARN_CONSTANT_CONVERSION = YES;
				CLANG_WARN_DEPRECATED_OBJC_IMPLEMENTATIONS = YES;
				CLANG_WARN_DIRECT_OBJC_ISA_USAGE = YES_ERROR;
				CLANG_WARN_DOCUMENTATION_COMMENTS = YES;
				CLANG_WARN_EMPTY_BODY = YES;
				CLANG_WARN_ENUM_CONVERSION = YES;
				CLANG_WARN_INFINITE_RECURSION = YES;
				CLANG_WARN_INT_CONVERSION = YES;
				CLANG_WARN_NON_LITERAL_NULL_CONVERSION = YES;
				CLANG_WARN_OBJC_IMPLICIT_RETAIN_SELF = YES;
				CLANG_WARN_OBJC_LITERAL_CONVERSION = YES;
				CLANG_WARN_OBJC_ROOT_CLASS = YES_ERROR;
				CLANG_WARN_QUOTED_INCLUDE_IN_FRAMEWORK_HEADER = YES;
				CLANG_WARN_RANGE_LOOP_ANALYSIS = YES;
				CLANG_WARN_STRICT_PROTOTYPES = YES;
				CLANG_WARN_SUSPICIOUS_MOVE = YES;
				CLANG_WARN_UNGUARDED_AVAILABILITY = YES_AGGRESSIVE;
				CLANG_WARN_UNREACHABLE_CODE = YES;
				CLANG_WARN__DUPLICATE_METHOD_MATCH = YES;
				COPY_PHASE_STRIP = NO;
				DEBUG_INFORMATION_FORMAT = "dwarf-with-dsym";
				ENABLE_NS_ASSERTIONS = NO;
				ENABLE_STRICT_OBJC_MSGSEND = YES;
				GCC_C_LANGUAGE_STANDARD = gnu11;
				GCC_NO_COMMON_BLOCKS = YES;
				GCC_WARN_64_TO_32_BIT_CONVERSION = YES;
				GCC_WARN_ABOUT_RETURN_TYPE = YES_ERROR;
				GCC_WARN_UNDECLARED_SELECTOR = YES;
				GCC_WARN_UNINITIALIZED_AUTOS = YES_AGGRESSIVE;
				GCC_WARN_UNUSED_FUNCTION = YES;
				GCC_WARN_UNUSED_VARIABLE = YES;
				IPHONEOS_DEPLOYMENT_TARGET = 14.4;
				MTL_ENABLE_DEBUG_INFO = NO;
				MTL_FAST_MATH = YES;
				SDKROOT = iphoneos;
				SWIFT_COMPILATION_MODE = wholemodule;
				SWIFT_OPTIMIZATION_LEVEL = "-O";
				VALIDATE_PRODUCT = YES;
			};
			name = Release;
		};
		50160D44261FDF18001033A0 /* Debug */ = {
			isa = XCBuildConfiguration;
			buildSettings = {
				ASSETCATALOG_COMPILER_APPICON_NAME = AppIcon;
				ASSETCATALOG_COMPILER_GLOBAL_ACCENT_COLOR_NAME = AccentColor;
				CODE_SIGN_STYLE = Automatic;
				DEVELOPMENT_ASSET_PATHS = "\"ImBoard/Preview Content\"";
				DEVELOPMENT_TEAM = 65UTX76JJY;
				ENABLE_PREVIEWS = YES;
				INFOPLIST_FILE = ImBoard/Info.plist;
				IPHONEOS_DEPLOYMENT_TARGET = 14.0;
				LD_RUNPATH_SEARCH_PATHS = (
					"$(inherited)",
					"@executable_path/Frameworks",
				);
				PRODUCT_BUNDLE_IDENTIFIER = ltd.bracket.dev.ImBoard;
				PRODUCT_NAME = "$(TARGET_NAME)";
				SWIFT_VERSION = 5.0;
				TARGETED_DEVICE_FAMILY = "1,2";
			};
			name = Debug;
		};
		50160D45261FDF18001033A0 /* Release */ = {
			isa = XCBuildConfiguration;
			buildSettings = {
				ASSETCATALOG_COMPILER_APPICON_NAME = AppIcon;
				ASSETCATALOG_COMPILER_GLOBAL_ACCENT_COLOR_NAME = AccentColor;
				CODE_SIGN_STYLE = Automatic;
				DEVELOPMENT_ASSET_PATHS = "\"ImBoard/Preview Content\"";
				DEVELOPMENT_TEAM = 65UTX76JJY;
				ENABLE_PREVIEWS = YES;
				INFOPLIST_FILE = ImBoard/Info.plist;
				IPHONEOS_DEPLOYMENT_TARGET = 14.0;
				LD_RUNPATH_SEARCH_PATHS = (
					"$(inherited)",
					"@executable_path/Frameworks",
				);
				PRODUCT_BUNDLE_IDENTIFIER = ltd.bracket.dev.ImBoard;
				PRODUCT_NAME = "$(TARGET_NAME)";
				SWIFT_VERSION = 5.0;
				TARGETED_DEVICE_FAMILY = "1,2";
			};
			name = Release;
		};
/* End XCBuildConfiguration section */

/* Begin XCConfigurationList section */
		50160D2F261FDF15001033A0 /* Build configuration list for PBXProject "ImBoard" */ = {
			isa = XCConfigurationList;
			buildConfigurations = (
				50160D41261FDF18001033A0 /* Debug */,
				50160D42261FDF18001033A0 /* Release */,
			);
			defaultConfigurationIsVisible = 0;
			defaultConfigurationName = Release;
		};
		50160D43261FDF18001033A0 /* Build configuration list for PBXNativeTarget "ImBoard" */ = {
			isa = XCConfigurationList;
			buildConfigurations = (
				50160D44261FDF18001033A0 /* Debug */,
				50160D45261FDF18001033A0 /* Release */,
			);
			defaultConfigurationIsVisible = 0;
			defaultConfigurationName = Release;
		};
/* End XCConfigurationList section */
	};
	rootObject = 50160D2C261FDF15001033A0 /* Project object */;
}
